
Microsoft Visual Studio Solution File, Format Version 12.00
# Visual Studio Version 17
VisualStudioVersion = 17.0.31912.275
MinimumVisualStudioVersion = 10.0.40219.1
Project("{9A19103F-16F7-4668-BE54-9A1E7A4F7556}") = "IdentityServer4.0.API.Provider", "IdentityServer4.0.API.Provider\IdentityServer4.0.API.Provider.csproj", "{9C2AC5F5-46EE-4084-9AFC-9F9BAB6560DF}"
EndProject
Project("{9A19103F-16F7-4668-BE54-9A1E7A4F7556}") = "IdentityServer4.0.CLI.Client", "IdentityServer4.0.CLI.Client\IdentityServer4.0.CLI.Client.csproj", "{AEE69D25-E6BE-4888-A8EF-D8288CD34D6B}"
EndProject
Project("{9A19103F-16F7-4668-BE54-9A1E7A4F7556}") = "IdentityServer4.0.Provider", "IdentityServer4.Provider\IdentityServer4.0.Provider.csproj", "{1E9DE880-CA08-4293-9BE1-C0F7B4E7FD02}"
EndProject
Project("{9A19103F-16F7-4668-BE54-9A1E7A4F7556}") = "IdentityServer4.0.WEB.Client", "IdentityServer4.0.WEB.Client\IdentityServer4.0.WEB.Client.csproj", "{D5C58C74-CBDE-41C5-8654-B906A72A557E}"
EndProject
Project("{FAE04EC0-301F-11D3-BF4B-00C04F79EFBC}") = "IdentityServer4.JS.Client", "IdentityServer4.JS.Client\IdentityServer4.JS.Client.csproj", "{83F45381-B798-4E61-BF06-7E997FF31DB5}"
EndProject
Global
	GlobalSection(SolutionConfigurationPlatforms) = preSolution
		Debug|Any CPU = Debug|Any CPU
		Release|Any CPU = Release|Any CPU
	EndGlobalSection
	GlobalSection(ProjectConfigurationPlatforms) = postSolution
		{9C2AC5F5-46EE-4084-9AFC-9F9BAB6560DF}.Debug|Any CPU.ActiveCfg = Debug|Any CPU
		{9C2AC5F5-46EE-4084-9AFC-9F9BAB6560DF}.Debug|Any CPU.Build.0 = Debug|Any CPU
		{9C2AC5F5-46EE-4084-9AFC-9F9BAB6560DF}.Release|Any CPU.ActiveCfg = Release|Any CPU
		{9C2AC5F5-46EE-4084-9AFC-9F9BAB6560DF}.Release|Any CPU.Build.0 = Release|Any CPU
		{AEE69D25-E6BE-4888-A8EF-D8288CD34D6B}.Debug|Any CPU.ActiveCfg = Debug|Any CPU
		{AEE69D25-E6BE-4888-A8EF-D8288CD34D6B}.Debug|Any CPU.Build.0 = Debug|Any CPU
		{AEE69D25-E6BE-4888-A8EF-D8288CD34D6B}.Release|Any CPU.ActiveCfg = Release|Any CPU
		{AEE69D25-E6BE-4888-A8EF-D8288CD34D6B}.Release|Any CPU.Build.0 = Release|Any CPU
		{1E9DE880-CA08-4293-9BE1-C0F7B4E7FD02}.Debug|Any CPU.ActiveCfg = Debug|Any CPU
		{1E9DE880-CA08-4293-9BE1-C0F7B4E7FD02}.Debug|Any CPU.Build.0 = Debug|Any CPU
		{1E9DE880-CA08-4293-9BE1-C0F7B4E7FD02}.Release|Any CPU.ActiveCfg = Release|Any CPU
		{1E9DE880-CA08-4293-9BE1-C0F7B4E7FD02}.Release|Any CPU.Build.0 = Release|Any CPU
		{D5C58C74-CBDE-41C5-8654-B906A72A557E}.Debug|Any CPU.ActiveCfg = Debug|Any CPU
		{D5C58C74-CBDE-41C5-8654-B906A72A557E}.Debug|Any CPU.Build.0 = Debug|Any CPU
		{D5C58C74-CBDE-41C5-8654-B906A72A557E}.Release|Any CPU.ActiveCfg = Release|Any CPU
		{D5C58C74-CBDE-41C5-8654-B906A72A557E}.Release|Any CPU.Build.0 = Release|Any CPU
		{83F45381-B798-4E61-BF06-7E997FF31DB5}.Debug|Any CPU.ActiveCfg = Debug|Any CPU
		{83F45381-B798-4E61-BF06-7E997FF31DB5}.Debug|Any CPU.Build.0 = Debug|Any CPU
		{83F45381-B798-4E61-BF06-7E997FF31DB5}.Release|Any CPU.ActiveCfg = Release|Any CPU
		{83F45381-B798-4E61-BF06-7E997FF31DB5}.Release|Any CPU.Build.0 = Release|Any CPU
	EndGlobalSection
	GlobalSection(SolutionProperties) = preSolution
		HideSolutionNode = FALSE
	EndGlobalSection
	GlobalSection(ExtensibilityGlobals) = postSolution
		SolutionGuid = {0466C4AA-F433-4F83-8C15-6D1FC823C590}
	EndGlobalSection
EndGlobal
